
Microsoft Visual Studio Solution File, Format Version 12.00
# Visual Studio Version 16
VisualStudioVersion = 16.0.31005.135
MinimumVisualStudioVersion = 10.0.40219.1
Project("{8BC9CEB8-8B4A-11D0-8D11-00A0C91BC942}") = "ЛР18-19", "ЛР18-19\ЛР18-19.vcxproj", "{1C1A685A-0CAD-4668-8C2E-2B6B49FE5522}"
EndProject
Global
	GlobalSection(SolutionConfigurationPlatforms) = preSolution
		Debug|x64 = Debug|x64
		Debug|x86 = Debug|x86
		Release|x64 = Release|x64
		Release|x86 = Release|x86
	EndGlobalSection
	GlobalSection(ProjectConfigurationPlatforms) = postSolution
		{1C1A685A-0CAD-4668-8C2E-2B6B49FE5522}.Debug|x64.ActiveCfg = Debug|x64
		{1C1A685A-0CAD-4668-8C2E-2B6B49FE5522}.Debug|x64.Build.0 = Debug|x64
		{1C1A685A-0CAD-4668-8C2E-2B6B49FE5522}.Debug|x86.ActiveCfg = Debug|Win32
		{1C1A685A-0CAD-4668-8C2E-2B6B49FE5522}.Debug|x86.Build.0 = Debug|Win32
		{1C1A685A-0CAD-4668-8C2E-2B6B49FE5522}.Release|x64.ActiveCfg = Release|x64
		{1C1A685A-0CAD-4668-8C2E-2B6B49FE5522}.Release|x64.Build.0 = Release|x64
		{1C1A685A-0CAD-4668-8C2E-2B6B49FE5522}.Release|x86.ActiveCfg = Release|Win32
		{1C1A685A-0CAD-4668-8C2E-2B6B49FE5522}.Release|x86.Build.0 = Release|Win32
	EndGlobalSection
	GlobalSection(SolutionProperties) = preSolution
		HideSolutionNode = FALSE
	EndGlobalSection
	GlobalSection(ExtensibilityGlobals) = postSolution
		SolutionGuid = {251E1A43-C9D2-4638-AD15-97C17613BD99}
	EndGlobalSection
EndGlobal
